{
  "name": "master-cheat",
  "version": "1.0.0",
  "lockfileVersion": 3,
  "requires": true,
  "packages": {
    "": {
      "name": "master-cheat",
      "version": "1.0.0",
      "dependencies": {
        "detect-port": "^2.1.0"
      }
    },
    "node_modules/address": {
      "version": "2.0.3",
      "resolved": "https://registry.npmjs.org/address/-/address-2.0.3.tgz",
      "integrity": "sha512-XNAb/a6TCqou+TufU8/u11HCu9x1gYvOoxLwtlXgIqmkrYQADVv6ljyW2zwiPhHz9R1gItAWpuDrdJMmrOBFEA==",
      "license": "MIT",
      "engines": {
        "node": ">= 16.0.0"
      }
    },
    "node_modules/detect-port": {
      "version": "2.1.0",
      "resolved": "https://registry.npmjs.org/detect-port/-/detect-port-2.1.0.tgz",
      "integrity": "sha512-epZuWb/6Q62L+nDHJc/hQAqf8pylsqgk3BpZXVBx1CDnr3nkrVNn73Uu1rXcFzkNcc+hkP3whuOg7JZYaQB65Q==",
      "license": "MIT",
      "dependencies": {
        "address": "^2.0.1"
      },
      "bin": {
        "detect": "dist/commonjs/bin/detect-port.js",
        "detect-port": "dist/commonjs/bin/detect-port.js"
      },
      "engines": {
        "node": ">= 16.0.0"
      }
    }
  }
}
